// !$*UTF8*$!
{
	archiveVersion = 1;
	classes = {
	};
	objectVersion = 50;
	objects = {

/* Begin PBXBuildFile section */
		0204FCBE249A7D6700FAF81B /* VideoCell.swift in Sources */ = {isa = PBXBuildFile; fileRef = 0204FCBD249A7D6700FAF81B /* VideoCell.swift */; };
		023BC54C24952F040010D206 /* ConstantsTemplate.swift in Sources */ = {isa = PBXBuildFile; fileRef = 023BC54B24952F040010D206 /* ConstantsTemplate.swift */; };
		023BC5512495381C0010D206 /* ModelDelegateProtocol.swift in Sources */ = {isa = PBXBuildFile; fileRef = 023BC5502495381C0010D206 /* ModelDelegateProtocol.swift */; };
		026299EC249A8473004C2312 /* CacheManager.swift in Sources */ = {isa = PBXBuildFile; fileRef = 026299EB249A8473004C2312 /* CacheManager.swift */; };
		02B6064C249434E500BEEE90 /* Constants.swift in Sources */ = {isa = PBXBuildFile; fileRef = 02B6064B249434E500BEEE90 /* Constants.swift */; };
		02B6064E2494376E00BEEE90 /* Video.swift in Sources */ = {isa = PBXBuildFile; fileRef = 02B6064D2494376E00BEEE90 /* Video.swift */; };
		02B60650249437C700BEEE90 /* Model.swift in Sources */ = {isa = PBXBuildFile; fileRef = 02B6064F249437C700BEEE90 /* Model.swift */; };
		02B60656249442E600BEEE90 /* Response.swift in Sources */ = {isa = PBXBuildFile; fileRef = 02B60655249442E600BEEE90 /* Response.swift */; };
		02D132E524942B5100D87339 /* AppDelegate.swift in Sources */ = {isa = PBXBuildFile; fileRef = 02D132E424942B5100D87339 /* AppDelegate.swift */; };
		02D132E724942B5100D87339 /* SceneDelegate.swift in Sources */ = {isa = PBXBuildFile; fileRef = 02D132E624942B5100D87339 /* SceneDelegate.swift */; };
		02D132E924942B5100D87339 /* MainVC.swift in Sources */ = {isa = PBXBuildFile; fileRef = 02D132E824942B5100D87339 /* MainVC.swift */; };
		02D132EC24942B5100D87339 /* Main.storyboard in Resources */ = {isa = PBXBuildFile; fileRef = 02D132EA24942B5100D87339 /* Main.storyboard */; };
		02D132EE24942B5200D87339 /* Assets.xcassets in Resources */ = {isa = PBXBuildFile; fileRef = 02D132ED24942B5200D87339 /* Assets.xcassets */; };
		02D132F124942B5200D87339 /* LaunchScreen.storyboard in Resources */ = {isa = PBXBuildFile; fileRef = 02D132EF24942B5200D87339 /* LaunchScreen.storyboard */; };
/* End PBXBuildFile section */

/* Begin PBXFileReference section */
		0204FCBD249A7D6700FAF81B /* VideoCell.swift */ = {isa = PBXFileReference; lastKnownFileType = sourcecode.swift; name = VideoCell.swift; path = Youtube/Views/VideoCell.swift; sourceTree = SOURCE_ROOT; };
		023BC54B24952F040010D206 /* ConstantsTemplate.swift */ = {isa = PBXFileReference; lastKnownFileType = sourcecode.swift; path = ConstantsTemplate.swift; sourceTree = "<group>"; };
		023BC5502495381C0010D206 /* ModelDelegateProtocol.swift */ = {isa = PBXFileReference; lastKnownFileType = sourcecode.swift; path = ModelDelegateProtocol.swift; sourceTree = "<group>"; };
		026299EB249A8473004C2312 /* CacheManager.swift */ = {isa = PBXFileReference; lastKnownFileType = sourcecode.swift; path = CacheManager.swift; sourceTree = "<group>"; };
		02B6064B249434E500BEEE90 /* Constants.swift */ = {isa = PBXFileReference; lastKnownFileType = sourcecode.swift; name = Constants.swift; path = Youtube/Constants.swift; sourceTree = SOURCE_ROOT; };
		02B6064D2494376E00BEEE90 /* Video.swift */ = {isa = PBXFileReference; lastKnownFileType = sourcecode.swift; path = Video.swift; sourceTree = "<group>"; };
		02B6064F249437C700BEEE90 /* Model.swift */ = {isa = PBXFileReference; lastKnownFileType = sourcecode.swift; path = Model.swift; sourceTree = "<group>"; };
		02B60655249442E600BEEE90 /* Response.swift */ = {isa = PBXFileReference; lastKnownFileType = sourcecode.swift; path = Response.swift; sourceTree = "<group>"; };
		02D132E124942B5100D87339 /* Youtube.app */ = {isa = PBXFileReference; explicitFileType = wrapper.application; includeInIndex = 0; path = Youtube.app; sourceTree = BUILT_PRODUCTS_DIR; };
		02D132E424942B5100D87339 /* AppDelegate.swift */ = {isa = PBXFileReference; lastKnownFileType = sourcecode.swift; path = AppDelegate.swift; sourceTree = "<group>"; };
		02D132E624942B5100D87339 /* SceneDelegate.swift */ = {isa = PBXFileReference; lastKnownFileType = sourcecode.swift; path = SceneDelegate.swift; sourceTree = "<group>"; };
		02D132E824942B5100D87339 /* MainVC.swift */ = {isa = PBXFileReference; lastKnownFileType = sourcecode.swift; path = MainVC.swift; sourceTree = "<group>"; };
		02D132EB24942B5100D87339 /* Base */ = {isa = PBXFileReference; lastKnownFileType = file.storyboard; name = Base; path = Base.lproj/Main.storyboard; sourceTree = "<group>"; };
		02D132ED24942B5200D87339 /* Assets.xcassets */ = {isa = PBXFileReference; lastKnownFileType = folder.assetcatalog; path = Assets.xcassets; sourceTree = "<group>"; };
		02D132F024942B5200D87339 /* Base */ = {isa = PBXFileReference; lastKnownFileType = file.storyboard; name = Base; path = Base.lproj/LaunchScreen.storyboard; sourceTree = "<group>"; };
		02D132F224942B5200D87339 /* Info.plist */ = {isa = PBXFileReference; lastKnownFileType = text.plist.xml; path = Info.plist; sourceTree = "<group>"; };
/* End PBXFileReference section */

/* Begin PBXFrameworksBuildPhase section */
		02D132DE24942B5100D87339 /* Frameworks */ = {
			isa = PBXFrameworksBuildPhase;
			buildActionMask = 2147483647;
			files = (
			);
			runOnlyForDeploymentPostprocessing = 0;
		};
/* End PBXFrameworksBuildPhase section */

/* Begin PBXGroup section */
		0204FCBF249A7D9700FAF81B /* Views */ = {
			isa = PBXGroup;
			children = (
				0204FCBD249A7D6700FAF81B /* VideoCell.swift */,
			);
			path = Views;
			sourceTree = "<group>";
		};
		023BC54F249538060010D206 /* Protocols */ = {
			isa = PBXGroup;
			children = (
				023BC5502495381C0010D206 /* ModelDelegateProtocol.swift */,
			);
			path = Protocols;
			sourceTree = "<group>";
		};
		023BC552249538340010D206 /* Helper */ = {
			isa = PBXGroup;
			children = (
				026299EB249A8473004C2312 /* CacheManager.swift */,
				02B6064B249434E500BEEE90 /* Constants.swift */,
				023BC54B24952F040010D206 /* ConstantsTemplate.swift */,
			);
			path = Helper;
			sourceTree = "<group>";
		};
		02B606512494398100BEEE90 /* Delegates */ = {
			isa = PBXGroup;
			children = (
				02D132E424942B5100D87339 /* AppDelegate.swift */,
				02D132E624942B5100D87339 /* SceneDelegate.swift */,
			);
			path = Delegates;
			sourceTree = "<group>";
		};
		02B606522494399100BEEE90 /* VCs */ = {
			isa = PBXGroup;
			children = (
				02D132E824942B5100D87339 /* MainVC.swift */,
			);
			path = VCs;
			sourceTree = "<group>";
		};
		02B6065324943A0200BEEE90 /* Models */ = {
			isa = PBXGroup;
			children = (
				02B6064D2494376E00BEEE90 /* Video.swift */,
				02B60655249442E600BEEE90 /* Response.swift */,
				02B6064F249437C700BEEE90 /* Model.swift */,
			);
			path = Models;
			sourceTree = "<group>";
		};
		02B6065424943A1300BEEE90 /* Storyboards */ = {
			isa = PBXGroup;
			children = (
				02D132EA24942B5100D87339 /* Main.storyboard */,
				02D132EF24942B5200D87339 /* LaunchScreen.storyboard */,
			);
			path = Storyboards;
			sourceTree = "<group>";
		};
		02D132D824942B5100D87339 = {
			isa = PBXGroup;
			children = (
				02D132E324942B5100D87339 /* Youtube */,
				02D132E224942B5100D87339 /* Products */,
			);
			sourceTree = "<group>";
		};
		02D132E224942B5100D87339 /* Products */ = {
			isa = PBXGroup;
			children = (
				02D132E124942B5100D87339 /* Youtube.app */,
			);
			name = Products;
			sourceTree = "<group>";
		};
		02D132E324942B5100D87339 /* Youtube */ = {
			isa = PBXGroup;
			children = (
				02B606512494398100BEEE90 /* Delegates */,
				02B6065424943A1300BEEE90 /* Storyboards */,
				02B606522494399100BEEE90 /* VCs */,
				0204FCBF249A7D9700FAF81B /* Views */,
				02B6065324943A0200BEEE90 /* Models */,
				023BC54F249538060010D206 /* Protocols */,
				023BC552249538340010D206 /* Helper */,
				02D132ED24942B5200D87339 /* Assets.xcassets */,
				02D132F224942B5200D87339 /* Info.plist */,
			);
			path = Youtube;
			sourceTree = "<group>";
		};
/* End PBXGroup section */

/* Begin PBXNativeTarget section */
		02D132E024942B5100D87339 /* Youtube */ = {
			isa = PBXNativeTarget;
			buildConfigurationList = 02D132F524942B5200D87339 /* Build configuration list for PBXNativeTarget "Youtube" */;
			buildPhases = (
				02D132DD24942B5100D87339 /* Sources */,
				02D132DE24942B5100D87339 /* Frameworks */,
				02D132DF24942B5100D87339 /* Resources */,
			);
			buildRules = (
			);
			dependencies = (
			);
			name = Youtube;
			productName = Youtube;
			productReference = 02D132E124942B5100D87339 /* Youtube.app */;
			productType = "com.apple.product-type.application";
		};
/* End PBXNativeTarget section */

/* Begin PBXProject section */
		02D132D924942B5100D87339 /* Project object */ = {
			isa = PBXProject;
			attributes = {
				LastSwiftUpdateCheck = 1150;
				LastUpgradeCheck = 1150;
				ORGANIZATIONNAME = "Ivan Terziev";
				TargetAttributes = {
					02D132E024942B5100D87339 = {
						CreatedOnToolsVersion = 11.5;
					};
				};
			};
			buildConfigurationList = 02D132DC24942B5100D87339 /* Build configuration list for PBXProject "Youtube" */;
			compatibilityVersion = "Xcode 9.3";
			developmentRegion = en;
			hasScannedForEncodings = 0;
			knownRegions = (
				en,
				Base,
			);
			mainGroup = 02D132D824942B5100D87339;
			productRefGroup = 02D132E224942B5100D87339 /* Products */;
			projectDirPath = "";
			projectRoot = "";
			targets = (
				02D132E024942B5100D87339 /* Youtube */,
			);
		};
/* End PBXProject section */

/* Begin PBXResourcesBuildPhase section */
		02D132DF24942B5100D87339 /* Resources */ = {
			isa = PBXResourcesBuildPhase;
			buildActionMask = 2147483647;
			files = (
				02D132F124942B5200D87339 /* LaunchScreen.storyboard in Resources */,
				02D132EE24942B5200D87339 /* Assets.xcassets in Resources */,
				02D132EC24942B5100D87339 /* Main.storyboard in Resources */,
			);
			runOnlyForDeploymentPostprocessing = 0;
		};
/* End PBXResourcesBuildPhase section */

/* Begin PBXSourcesBuildPhase section */
		02D132DD24942B5100D87339 /* Sources */ = {
			isa = PBXSourcesBuildPhase;
			buildActionMask = 2147483647;
			files = (
				023BC5512495381C0010D206 /* ModelDelegateProtocol.swift in Sources */,
				02D132E924942B5100D87339 /* MainVC.swift in Sources */,
				02D132E524942B5100D87339 /* AppDelegate.swift in Sources */,
				02D132E724942B5100D87339 /* SceneDelegate.swift in Sources */,
				023BC54C24952F040010D206 /* ConstantsTemplate.swift in Sources */,
				0204FCBE249A7D6700FAF81B /* VideoCell.swift in Sources */,
				026299EC249A8473004C2312 /* CacheManager.swift in Sources */,
				02B60650249437C700BEEE90 /* Model.swift in Sources */,
				02B6064C249434E500BEEE90 /* Constants.swift in Sources */,
				02B6064E2494376E00BEEE90 /* Video.swift in Sources */,
				02B60656249442E600BEEE90 /* Response.swift in Sources */,
			);
			runOnlyForDeploymentPostprocessing = 0;
		};
/* End PBXSourcesBuildPhase section */

/* Begin PBXVariantGroup section */
		02D132EA24942B5100D87339 /* Main.storyboard */ = {
			isa = PBXVariantGroup;
			children = (
				02D132EB24942B5100D87339 /* Base */,
			);
			name = Main.storyboard;
			sourceTree = "<group>";
		};
		02D132EF24942B5200D87339 /* LaunchScreen.storyboard */ = {
			isa = PBXVariantGroup;
			children = (
				02D132F024942B5200D87339 /* Base */,
			);
			name = LaunchScreen.storyboard;
			sourceTree = "<group>";
		};
/* End PBXVariantGroup section */

/* Begin XCBuildConfiguration section */
		02D132F324942B5200D87339 /* Debug */ = {
			isa = XCBuildConfiguration;
			buildSettings = {
				ALWAYS_SEARCH_USER_PATHS = NO;
				CLANG_ANALYZER_NONNULL = YES;
				CLANG_ANALYZER_NUMBER_OBJECT_CONVERSION = YES_AGGRESSIVE;
				CLANG_CXX_LANGUAGE_STANDARD = "gnu++14";
				CLANG_CXX_LIBRARY = "libc++";
				CLANG_ENABLE_MODULES = YES;
				CLANG_ENABLE_OBJC_ARC = YES;
				CLANG_ENABLE_OBJC_WEAK = YES;
				CLANG_WARN_BLOCK_CAPTURE_AUTORELEASING = YES;
				CLANG_WARN_BOOL_CONVERSION = YES;
				CLANG_WARN_COMMA = YES;
				CLANG_WARN_CONSTANT_CONVERSION = YES;
				CLANG_WARN_DEPRECATED_OBJC_IMPLEMENTATIONS = YES;
				CLANG_WARN_DIRECT_OBJC_ISA_USAGE = YES_ERROR;
				CLANG_WARN_DOCUMENTATION_COMMENTS = YES;
				CLANG_WARN_EMPTY_BODY = YES;
				CLANG_WARN_ENUM_CONVERSION = YES;
				CLANG_WARN_INFINITE_RECURSION = YES;
				CLANG_WARN_INT_CONVERSION = YES;
				CLANG_WARN_NON_LITERAL_NULL_CONVERSION = YES;
				CLANG_WARN_OBJC_IMPLICIT_RETAIN_SELF = YES;
				CLANG_WARN_OBJC_LITERAL_CONVERSION = YES;
				CLANG_WARN_OBJC_ROOT_CLASS = YES_ERROR;
				CLANG_WARN_RANGE_LOOP_ANALYSIS = YES;
				CLANG_WARN_STRICT_PROTOTYPES = YES;
				CLANG_WARN_SUSPICIOUS_MOVE = YES;
				CLANG_WARN_UNGUARDED_AVAILABILITY = YES_AGGRESSIVE;
				CLANG_WARN_UNREACHABLE_CODE = YES;
				CLANG_WARN__DUPLICATE_METHOD_MATCH = YES;
				COPY_PHASE_STRIP = NO;
				DEBUG_INFORMATION_FORMAT = dwarf;
				ENABLE_STRICT_OBJC_MSGSEND = YES;
				ENABLE_TESTABILITY = YES;
				GCC_C_LANGUAGE_STANDARD = gnu11;
				GCC_DYNAMIC_NO_PIC = NO;
				GCC_NO_COMMON_BLOCKS = YES;
				GCC_OPTIMIZATION_LEVEL = 0;
				GCC_PREPROCESSOR_DEFINITIONS = (
					"DEBUG=1",
					"$(inherited)",
				);
				GCC_WARN_64_TO_32_BIT_CONVERSION = YES;
				GCC_WARN_ABOUT_RETURN_TYPE = YES_ERROR;
				GCC_WARN_UNDECLARED_SELECTOR = YES;
				GCC_WARN_UNINITIALIZED_AUTOS = YES_AGGRESSIVE;
				GCC_WARN_UNUSED_FUNCTION = YES;
				GCC_WARN_UNUSED_VARIABLE = YES;
				IPHONEOS_DEPLOYMENT_TARGET = 13.5;
				MTL_ENABLE_DEBUG_INFO = INCLUDE_SOURCE;
				MTL_FAST_MATH = YES;
				ONLY_ACTIVE_ARCH = YES;
				SDKROOT = iphoneos;
				SWIFT_ACTIVE_COMPILATION_CONDITIONS = DEBUG;
				SWIFT_OPTIMIZATION_LEVEL = "-Onone";
			};
			name = Debug;
		};
		02D132F424942B5200D87339 /* Release */ = {
			isa = XCBuildConfiguration;
			buildSettings = {
				ALWAYS_SEARCH_USER_PATHS = NO;
				CLANG_ANALYZER_NONNULL = YES;
				CLANG_ANALYZER_NUMBER_OBJECT_CONVERSION = YES_AGGRESSIVE;
				CLANG_CXX_LANGUAGE_STANDARD = "gnu++14";
				CLANG_CXX_LIBRARY = "libc++";
				CLANG_ENABLE_MODULES = YES;
				CLANG_ENABLE_OBJC_ARC = YES;
				CLANG_ENABLE_OBJC_WEAK = YES;
				CLANG_WARN_BLOCK_CAPTURE_AUTORELEASING = YES;
				CLANG_WARN_BOOL_CONVERSION = YES;
				CLANG_WARN_COMMA = YES;
				CLANG_WARN_CONSTANT_CONVERSION = YES;
				CLANG_WARN_DEPRECATED_OBJC_IMPLEMENTATIONS = YES;
				CLANG_WARN_DIRECT_OBJC_ISA_USAGE = YES_ERROR;
				CLANG_WARN_DOCUMENTATION_COMMENTS = YES;
				CLANG_WARN_EMPTY_BODY = YES;
				CLANG_WARN_ENUM_CONVERSION = YES;
				CLANG_WARN_INFINITE_RECURSION = YES;
				CLANG_WARN_INT_CONVERSION = YES;
				CLANG_WARN_NON_LITERAL_NULL_CONVERSION = YES;
				CLANG_WARN_OBJC_IMPLICIT_RETAIN_SELF = YES;
				CLANG_WARN_OBJC_LITERAL_CONVERSION = YES;
				CLANG_WARN_OBJC_ROOT_CLASS = YES_ERROR;
				CLANG_WARN_RANGE_LOOP_ANALYSIS = YES;
				CLANG_WARN_STRICT_PROTOTYPES = YES;
				CLANG_WARN_SUSPICIOUS_MOVE = YES;
				CLANG_WARN_UNGUARDED_AVAILABILITY = YES_AGGRESSIVE;
				CLANG_WARN_UNREACHABLE_CODE = YES;
				CLANG_WARN__DUPLICATE_METHOD_MATCH = YES;
				COPY_PHASE_STRIP = NO;
				DEBUG_INFORMATION_FORMAT = "dwarf-with-dsym";
				ENABLE_NS_ASSERTIONS = NO;
				ENABLE_STRICT_OBJC_MSGSEND = YES;
				GCC_C_LANGUAGE_STANDARD = gnu11;
				GCC_NO_COMMON_BLOCKS = YES;
				GCC_WARN_64_TO_32_BIT_CONVERSION = YES;
				GCC_WARN_ABOUT_RETURN_TYPE = YES_ERROR;
				GCC_WARN_UNDECLARED_SELECTOR = YES;
				GCC_WARN_UNINITIALIZED_AUTOS = YES_AGGRESSIVE;
				GCC_WARN_UNUSED_FUNCTION = YES;
				GCC_WARN_UNUSED_VARIABLE = YES;
				IPHONEOS_DEPLOYMENT_TARGET = 13.5;
				MTL_ENABLE_DEBUG_INFO = NO;
				MTL_FAST_MATH = YES;
				SDKROOT = iphoneos;
				SWIFT_COMPILATION_MODE = wholemodule;
				SWIFT_OPTIMIZATION_LEVEL = "-O";
				VALIDATE_PRODUCT = YES;
			};
			name = Release;
		};
		02D132F624942B5200D87339 /* Debug */ = {
			isa = XCBuildConfiguration;
			buildSettings = {
				ASSETCATALOG_COMPILER_APPICON_NAME = AppIcon;
				CODE_SIGN_STYLE = Automatic;
				DEVELOPMENT_TEAM = H2Z5VT54PS;
				INFOPLIST_FILE = Youtube/Info.plist;
				IPHONEOS_DEPLOYMENT_TARGET = 13.0;
				LD_RUNPATH_SEARCH_PATHS = (
					"$(inherited)",
					"@executable_path/Frameworks",
				);
				PRODUCT_BUNDLE_IDENTIFIER = com.ivanterziev.Youtube;
				PRODUCT_NAME = "$(TARGET_NAME)";
				SWIFT_VERSION = 5.0;
				TARGETED_DEVICE_FAMILY = "1,2";
			};
			name = Debug;
		};
		02D132F724942B5200D87339 /* Release */ = {
			isa = XCBuildConfiguration;
			buildSettings = {
				ASSETCATALOG_COMPILER_APPICON_NAME = AppIcon;
				CODE_SIGN_STYLE = Automatic;
				DEVELOPMENT_TEAM = H2Z5VT54PS;
				INFOPLIST_FILE = Youtube/Info.plist;
				IPHONEOS_DEPLOYMENT_TARGET = 13.0;
				LD_RUNPATH_SEARCH_PATHS = (
					"$(inherited)",
					"@executable_path/Frameworks",
				);
				PRODUCT_BUNDLE_IDENTIFIER = com.ivanterziev.Youtube;
				PRODUCT_NAME = "$(TARGET_NAME)";
				SWIFT_VERSION = 5.0;
				TARGETED_DEVICE_FAMILY = "1,2";
			};
			name = Release;
		};
/* End XCBuildConfiguration section */

/* Begin XCConfigurationList section */
		02D132DC24942B5100D87339 /* Build configuration list for PBXProject "Youtube" */ = {
			isa = XCConfigurationList;
			buildConfigurations = (
				02D132F324942B5200D87339 /* Debug */,
				02D132F424942B5200D87339 /* Release */,
			);
			defaultConfigurationIsVisible = 0;
			defaultConfigurationName = Release;
		};
		02D132F524942B5200D87339 /* Build configuration list for PBXNativeTarget "Youtube" */ = {
			isa = XCConfigurationList;
			buildConfigurations = (
				02D132F624942B5200D87339 /* Debug */,
				02D132F724942B5200D87339 /* Release */,
			);
			defaultConfigurationIsVisible = 0;
			defaultConfigurationName = Release;
		};
/* End XCConfigurationList section */
	};
	rootObject = 02D132D924942B5100D87339 /* Project object */;
}
